// !$*UTF8*$!
{
	archiveVersion = 1;
	classes = {
	};
	objectVersion = 46;
	objects = {

/* Begin PBXBuildFile section */
		7C8884FE1F01A7B1002AAC8F /* main.m in Sources */ = {isa = PBXBuildFile; fileRef = 7C8884FD1F01A7B1002AAC8F /* main.m */; };
		7C8885011F01A7B1002AAC8F /* AppDelegate.m in Sources */ = {isa = PBXBuildFile; fileRef = 7C8885001F01A7B1002AAC8F /* AppDelegate.m */; };
		7C8885041F01A7B1002AAC8F /* ViewController.m in Sources */ = {isa = PBXBuildFile; fileRef = 7C8885031F01A7B1002AAC8F /* ViewController.m */; };
		7C8885071F01A7B1002AAC8F /* Main.storyboard in Resources */ = {isa = PBXBuildFile; fileRef = 7C8885051F01A7B1002AAC8F /* Main.storyboard */; };
		7C8885091F01A7B1002AAC8F /* Assets.xcassets in Resources */ = {isa = PBXBuildFile; fileRef = 7C8885081F01A7B1002AAC8F /* Assets.xcassets */; };
		7C88850C1F01A7B1002AAC8F /* LaunchScreen.storyboard in Resources */ = {isa = PBXBuildFile; fileRef = 7C88850A1F01A7B1002AAC8F /* LaunchScreen.storyboard */; };
		7C8885151F01BE06002AAC8F /* NutritionFilter.swift in Sources */ = {isa = PBXBuildFile; fileRef = 7C8885141F01BE06002AAC8F /* NutritionFilter.swift */; };
		7C8885181F01BE86002AAC8F /* UserInputViewController.m in Sources */ = {isa = PBXBuildFile; fileRef = 7C8885171F01BE86002AAC8F /* UserInputViewController.m */; };
		7C88851B1F01BEB0002AAC8F /* RecipesTableView.m in Sources */ = {isa = PBXBuildFile; fileRef = 7C88851A1F01BEB0002AAC8F /* RecipesTableView.m */; };
		7C88851E1F01BEDC002AAC8F /* DetailedRecipeViewController.m in Sources */ = {isa = PBXBuildFile; fileRef = 7C88851D1F01BEDC002AAC8F /* DetailedRecipeViewController.m */; };
		7C8885211F01BF1D002AAC8F /* Recipe.m in Sources */ = {isa = PBXBuildFile; fileRef = 7C8885201F01BF1D002AAC8F /* Recipe.m */; };
		7C8885241F01BFE4002AAC8F /* RecipeTVC.m in Sources */ = {isa = PBXBuildFile; fileRef = 7C8885231F01BFE4002AAC8F /* RecipeTVC.m */; };
/* End PBXBuildFile section */

/* Begin PBXFileReference section */
		7C8884F91F01A7B1002AAC8F /* RecipeFinder.app */ = {isa = PBXFileReference; explicitFileType = wrapper.application; includeInIndex = 0; path = RecipeFinder.app; sourceTree = BUILT_PRODUCTS_DIR; };
		7C8884FD1F01A7B1002AAC8F /* main.m */ = {isa = PBXFileReference; lastKnownFileType = sourcecode.c.objc; path = main.m; sourceTree = "<group>"; };
		7C8884FF1F01A7B1002AAC8F /* AppDelegate.h */ = {isa = PBXFileReference; lastKnownFileType = sourcecode.c.h; path = AppDelegate.h; sourceTree = "<group>"; };
		7C8885001F01A7B1002AAC8F /* AppDelegate.m */ = {isa = PBXFileReference; lastKnownFileType = sourcecode.c.objc; path = AppDelegate.m; sourceTree = "<group>"; };
		7C8885021F01A7B1002AAC8F /* ViewController.h */ = {isa = PBXFileReference; lastKnownFileType = sourcecode.c.h; path = ViewController.h; sourceTree = "<group>"; };
		7C8885031F01A7B1002AAC8F /* ViewController.m */ = {isa = PBXFileReference; lastKnownFileType = sourcecode.c.objc; path = ViewController.m; sourceTree = "<group>"; };
		7C8885061F01A7B1002AAC8F /* Base */ = {isa = PBXFileReference; lastKnownFileType = file.storyboard; name = Base; path = Base.lproj/Main.storyboard; sourceTree = "<group>"; };
		7C8885081F01A7B1002AAC8F /* Assets.xcassets */ = {isa = PBXFileReference; lastKnownFileType = folder.assetcatalog; path = Assets.xcassets; sourceTree = "<group>"; };
		7C88850B1F01A7B1002AAC8F /* Base */ = {isa = PBXFileReference; lastKnownFileType = file.storyboard; name = Base; path = Base.lproj/LaunchScreen.storyboard; sourceTree = "<group>"; };
		7C88850D1F01A7B1002AAC8F /* Info.plist */ = {isa = PBXFileReference; lastKnownFileType = text.plist.xml; path = Info.plist; sourceTree = "<group>"; };
		7C8885131F01BE05002AAC8F /* RecipeFinder-Bridging-Header.h */ = {isa = PBXFileReference; lastKnownFileType = sourcecode.c.h; path = "RecipeFinder-Bridging-Header.h"; sourceTree = "<group>"; };
		7C8885141F01BE06002AAC8F /* NutritionFilter.swift */ = {isa = PBXFileReference; fileEncoding = 4; lastKnownFileType = sourcecode.swift; path = NutritionFilter.swift; sourceTree = "<group>"; };
		7C8885161F01BE86002AAC8F /* UserInputViewController.h */ = {isa = PBXFileReference; fileEncoding = 4; lastKnownFileType = sourcecode.c.h; path = UserInputViewController.h; sourceTree = "<group>"; };
		7C8885171F01BE86002AAC8F /* UserInputViewController.m */ = {isa = PBXFileReference; fileEncoding = 4; lastKnownFileType = sourcecode.c.objc; path = UserInputViewController.m; sourceTree = "<group>"; };
		7C8885191F01BEB0002AAC8F /* RecipesTableView.h */ = {isa = PBXFileReference; fileEncoding = 4; lastKnownFileType = sourcecode.c.h; path = RecipesTableView.h; sourceTree = "<group>"; };
		7C88851A1F01BEB0002AAC8F /* RecipesTableView.m */ = {isa = PBXFileReference; fileEncoding = 4; lastKnownFileType = sourcecode.c.objc; path = RecipesTableView.m; sourceTree = "<group>"; };
		7C88851C1F01BEDC002AAC8F /* DetailedRecipeViewController.h */ = {isa = PBXFileReference; fileEncoding = 4; lastKnownFileType = sourcecode.c.h; path = DetailedRecipeViewController.h; sourceTree = "<group>"; };
		7C88851D1F01BEDC002AAC8F /* DetailedRecipeViewController.m */ = {isa = PBXFileReference; fileEncoding = 4; lastKnownFileType = sourcecode.c.objc; path = DetailedRecipeViewController.m; sourceTree = "<group>"; };
		7C88851F1F01BF1D002AAC8F /* Recipe.h */ = {isa = PBXFileReference; fileEncoding = 4; lastKnownFileType = sourcecode.c.h; path = Recipe.h; sourceTree = "<group>"; };
		7C8885201F01BF1D002AAC8F /* Recipe.m */ = {isa = PBXFileReference; fileEncoding = 4; lastKnownFileType = sourcecode.c.objc; path = Recipe.m; sourceTree = "<group>"; };
		7C8885221F01BFE4002AAC8F /* RecipeTVC.h */ = {isa = PBXFileReference; fileEncoding = 4; lastKnownFileType = sourcecode.c.h; path = RecipeTVC.h; sourceTree = "<group>"; };
		7C8885231F01BFE4002AAC8F /* RecipeTVC.m */ = {isa = PBXFileReference; fileEncoding = 4; lastKnownFileType = sourcecode.c.objc; path = RecipeTVC.m; sourceTree = "<group>"; };
/* End PBXFileReference section */

/* Begin PBXFrameworksBuildPhase section */
		7C8884F61F01A7B1002AAC8F /* Frameworks */ = {
			isa = PBXFrameworksBuildPhase;
			buildActionMask = 2147483647;
			files = (
			);
			runOnlyForDeploymentPostprocessing = 0;
		};
/* End PBXFrameworksBuildPhase section */

/* Begin PBXGroup section */
		7C8884F01F01A7B1002AAC8F = {
			isa = PBXGroup;
			children = (
				7C8884FB1F01A7B1002AAC8F /* RecipeFinder */,
				7C8884FA1F01A7B1002AAC8F /* Products */,
			);
			sourceTree = "<group>";
		};
		7C8884FA1F01A7B1002AAC8F /* Products */ = {
			isa = PBXGroup;
			children = (
				7C8884F91F01A7B1002AAC8F /* RecipeFinder.app */,
			);
			name = Products;
			sourceTree = "<group>";
		};
		7C8884FB1F01A7B1002AAC8F /* RecipeFinder */ = {
			isa = PBXGroup;
			children = (
				7C8884FF1F01A7B1002AAC8F /* AppDelegate.h */,
				7C8885001F01A7B1002AAC8F /* AppDelegate.m */,
				7C8885021F01A7B1002AAC8F /* ViewController.h */,
				7C8885031F01A7B1002AAC8F /* ViewController.m */,
				7C8885051F01A7B1002AAC8F /* Main.storyboard */,
				7C8885221F01BFE4002AAC8F /* RecipeTVC.h */,
				7C8885231F01BFE4002AAC8F /* RecipeTVC.m */,
				7C88851F1F01BF1D002AAC8F /* Recipe.h */,
				7C8885201F01BF1D002AAC8F /* Recipe.m */,
				7C88851C1F01BEDC002AAC8F /* DetailedRecipeViewController.h */,
				7C88851D1F01BEDC002AAC8F /* DetailedRecipeViewController.m */,
				7C8885191F01BEB0002AAC8F /* RecipesTableView.h */,
				7C88851A1F01BEB0002AAC8F /* RecipesTableView.m */,
				7C8885161F01BE86002AAC8F /* UserInputViewController.h */,
				7C8885171F01BE86002AAC8F /* UserInputViewController.m */,
				7C8885141F01BE06002AAC8F /* NutritionFilter.swift */,
				7C8885081F01A7B1002AAC8F /* Assets.xcassets */,
				7C88850A1F01A7B1002AAC8F /* LaunchScreen.storyboard */,
				7C88850D1F01A7B1002AAC8F /* Info.plist */,
				7C8884FC1F01A7B1002AAC8F /* Supporting Files */,
				7C8885131F01BE05002AAC8F /* RecipeFinder-Bridging-Header.h */,
			);
			path = RecipeFinder;
			sourceTree = "<group>";
		};
		7C8884FC1F01A7B1002AAC8F /* Supporting Files */ = {
			isa = PBXGroup;
			children = (
				7C8884FD1F01A7B1002AAC8F /* main.m */,
			);
			name = "Supporting Files";
			sourceTree = "<group>";
		};
/* End PBXGroup section */

/* Begin PBXNativeTarget section */
		7C8884F81F01A7B1002AAC8F /* RecipeFinder */ = {
			isa = PBXNativeTarget;
			buildConfigurationList = 7C8885101F01A7B1002AAC8F /* Build configuration list for PBXNativeTarget "RecipeFinder" */;
			buildPhases = (
				7C8884F51F01A7B1002AAC8F /* Sources */,
				7C8884F61F01A7B1002AAC8F /* Frameworks */,
				7C8884F71F01A7B1002AAC8F /* Resources */,
			);
			buildRules = (
			);
			dependencies = (
			);
			name = RecipeFinder;
			productName = RecipeFinder;
			productReference = 7C8884F91F01A7B1002AAC8F /* RecipeFinder.app */;
			productType = "com.apple.product-type.application";
		};
/* End PBXNativeTarget section */

/* Begin PBXProject section */
		7C8884F11F01A7B1002AAC8F /* Project object */ = {
			isa = PBXProject;
			attributes = {
				LastUpgradeCheck = 0830;
				ORGANIZATIONNAME = "Noor Alhoussari";
				TargetAttributes = {
					7C8884F81F01A7B1002AAC8F = {
						CreatedOnToolsVersion = 8.3.3;
						DevelopmentTeam = ZDL96S575W;
						LastSwiftMigration = 0830;
						ProvisioningStyle = Automatic;
					};
				};
			};
			buildConfigurationList = 7C8884F41F01A7B1002AAC8F /* Build configuration list for PBXProject "RecipeFinder" */;
			compatibilityVersion = "Xcode 3.2";
			developmentRegion = English;
			hasScannedForEncodings = 0;
			knownRegions = (
				en,
				Base,
			);
			mainGroup = 7C8884F01F01A7B1002AAC8F;
			productRefGroup = 7C8884FA1F01A7B1002AAC8F /* Products */;
			projectDirPath = "";
			projectRoot = "";
			targets = (
				7C8884F81F01A7B1002AAC8F /* RecipeFinder */,
			);
		};
/* End PBXProject section */

/* Begin PBXResourcesBuildPhase section */
		7C8884F71F01A7B1002AAC8F /* Resources */ = {
			isa = PBXResourcesBuildPhase;
			buildActionMask = 2147483647;
			files = (
				7C88850C1F01A7B1002AAC8F /* LaunchScreen.storyboard in Resources */,
				7C8885091F01A7B1002AAC8F /* Assets.xcassets in Resources */,
				7C8885071F01A7B1002AAC8F /* Main.storyboard in Resources */,
			);
			runOnlyForDeploymentPostprocessing = 0;
		};
/* End PBXResourcesBuildPhase section */

/* Begin PBXSourcesBuildPhase section */
		7C8884F51F01A7B1002AAC8F /* Sources */ = {
			isa = PBXSourcesBuildPhase;
			buildActionMask = 2147483647;
			files = (
				7C8885181F01BE86002AAC8F /* UserInputViewController.m in Sources */,
				7C88851B1F01BEB0002AAC8F /* RecipesTableView.m in Sources */,
				7C8885041F01A7B1002AAC8F /* ViewController.m in Sources */,
				7C8885241F01BFE4002AAC8F /* RecipeTVC.m in Sources */,
				7C8885211F01BF1D002AAC8F /* Recipe.m in Sources */,
				7C8885011F01A7B1002AAC8F /* AppDelegate.m in Sources */,
				7C8885151F01BE06002AAC8F /* NutritionFilter.swift in Sources */,
				7C8884FE1F01A7B1002AAC8F /* main.m in Sources */,
				7C88851E1F01BEDC002AAC8F /* DetailedRecipeViewController.m in Sources */,
			);
			runOnlyForDeploymentPostprocessing = 0;
		};
/* End PBXSourcesBuildPhase section */

/* Begin PBXVariantGroup section */
		7C8885051F01A7B1002AAC8F /* Main.storyboard */ = {
			isa = PBXVariantGroup;
			children = (
				7C8885061F01A7B1002AAC8F /* Base */,
			);
			name = Main.storyboard;
			sourceTree = "<group>";
		};
		7C88850A1F01A7B1002AAC8F /* LaunchScreen.storyboard */ = {
			isa = PBXVariantGroup;
			children = (
				7C88850B1F01A7B1002AAC8F /* Base */,
			);
			name = LaunchScreen.storyboard;
			sourceTree = "<group>";
		};
/* End PBXVariantGroup section */

/* Begin XCBuildConfiguration section */
		7C88850E1F01A7B1002AAC8F /* Debug */ = {
			isa = XCBuildConfiguration;
			buildSettings = {
				ALWAYS_SEARCH_USER_PATHS = NO;
				CLANG_ANALYZER_NONNULL = YES;
				CLANG_ANALYZER_NUMBER_OBJECT_CONVERSION = YES_AGGRESSIVE;
				CLANG_CXX_LANGUAGE_STANDARD = "gnu++0x";
				CLANG_CXX_LIBRARY = "libc++";
				CLANG_ENABLE_MODULES = YES;
				CLANG_ENABLE_OBJC_ARC = YES;
				CLANG_WARN_BOOL_CONVERSION = YES;
				CLANG_WARN_CONSTANT_CONVERSION = YES;
				CLANG_WARN_DIRECT_OBJC_ISA_USAGE = YES_ERROR;
				CLANG_WARN_DOCUMENTATION_COMMENTS = YES;
				CLANG_WARN_EMPTY_BODY = YES;
				CLANG_WARN_ENUM_CONVERSION = YES;
				CLANG_WARN_INFINITE_RECURSION = YES;
				CLANG_WARN_INT_CONVERSION = YES;
				CLANG_WARN_OBJC_ROOT_CLASS = YES_ERROR;
				CLANG_WARN_SUSPICIOUS_MOVE = YES;
				CLANG_WARN_UNREACHABLE_CODE = YES;
				CLANG_WARN__DUPLICATE_METHOD_MATCH = YES;
				"CODE_SIGN_IDENTITY[sdk=iphoneos*]" = "iPhone Developer";
				COPY_PHASE_STRIP = NO;
				DEBUG_INFORMATION_FORMAT = dwarf;
				ENABLE_STRICT_OBJC_MSGSEND = YES;
				ENABLE_TESTABILITY = YES;
				GCC_C_LANGUAGE_STANDARD = gnu99;
				GCC_DYNAMIC_NO_PIC = NO;
				GCC_NO_COMMON_BLOCKS = YES;
				GCC_OPTIMIZATION_LEVEL = 0;
				GCC_PREPROCESSOR_DEFINITIONS = (
					"DEBUG=1",
					"$(inherited)",
				);
				GCC_WARN_64_TO_32_BIT_CONVERSION = YES;
				GCC_WARN_ABOUT_RETURN_TYPE = YES_ERROR;
				GCC_WARN_UNDECLARED_SELECTOR = YES;
				GCC_WARN_UNINITIALIZED_AUTOS = YES_AGGRESSIVE;
				GCC_WARN_UNUSED_FUNCTION = YES;
				GCC_WARN_UNUSED_VARIABLE = YES;
				IPHONEOS_DEPLOYMENT_TARGET = 10.3;
				MTL_ENABLE_DEBUG_INFO = YES;
				ONLY_ACTIVE_ARCH = YES;
				SDKROOT = iphoneos;
			};
			name = Debug;
		};
		7C88850F1F01A7B1002AAC8F /* Release */ = {
			isa = XCBuildConfiguration;
			buildSettings = {
				ALWAYS_SEARCH_USER_PATHS = NO;
				CLANG_ANALYZER_NONNULL = YES;
				CLANG_ANALYZER_NUMBER_OBJECT_CONVERSION = YES_AGGRESSIVE;
				CLANG_CXX_LANGUAGE_STANDARD = "gnu++0x";
				CLANG_CXX_LIBRARY = "libc++";
				CLANG_ENABLE_MODULES = YES;
				CLANG_ENABLE_OBJC_ARC = YES;
				CLANG_WARN_BOOL_CONVERSION = YES;
				CLANG_WARN_CONSTANT_CONVERSION = YES;
				CLANG_WARN_DIRECT_OBJC_ISA_USAGE = YES_ERROR;
				CLANG_WARN_DOCUMENTATION_COMMENTS = YES;
				CLANG_WARN_EMPTY_BODY = YES;
				CLANG_WARN_ENUM_CONVERSION = YES;
				CLANG_WARN_INFINITE_RECURSION = YES;
				CLANG_WARN_INT_CONVERSION = YES;
				CLANG_WARN_OBJC_ROOT_CLASS = YES_ERROR;
				CLANG_WARN_SUSPICIOUS_MOVE = YES;
				CLANG_WARN_UNREACHABLE_CODE = YES;
				CLANG_WARN__DUPLICATE_METHOD_MATCH = YES;
				"CODE_SIGN_IDENTITY[sdk=iphoneos*]" = "iPhone Developer";
				COPY_PHASE_STRIP = NO;
				DEBUG_INFORMATION_FORMAT = "dwarf-with-dsym";
				ENABLE_NS_ASSERTIONS = NO;
				ENABLE_STRICT_OBJC_MSGSEND = YES;
				GCC_C_LANGUAGE_STANDARD = gnu99;
				GCC_NO_COMMON_BLOCKS = YES;
				GCC_WARN_64_TO_32_BIT_CONVERSION = YES;
				GCC_WARN_ABOUT_RETURN_TYPE = YES_ERROR;
				GCC_WARN_UNDECLARED_SELECTOR = YES;
				GCC_WARN_UNINITIALIZED_AUTOS = YES_AGGRESSIVE;
				GCC_WARN_UNUSED_FUNCTION = YES;
				GCC_WARN_UNUSED_VARIABLE = YES;
				IPHONEOS_DEPLOYMENT_TARGET = 10.3;
				MTL_ENABLE_DEBUG_INFO = NO;
				SDKROOT = iphoneos;
				VALIDATE_PRODUCT = YES;
			};
			name = Release;
		};
		7C8885111F01A7B1002AAC8F /* Debug */ = {
			isa = XCBuildConfiguration;
			buildSettings = {
				ASSETCATALOG_COMPILER_APPICON_NAME = AppIcon;
				CLANG_ENABLE_MODULES = YES;
				DEVELOPMENT_TEAM = ZDL96S575W;
				INFOPLIST_FILE = RecipeFinder/Info.plist;
				LD_RUNPATH_SEARCH_PATHS = "$(inherited) @executable_path/Frameworks";
				PRODUCT_BUNDLE_IDENTIFIER = com.alhoussari.RecipeFinder;
				PRODUCT_NAME = "$(TARGET_NAME)";
				SWIFT_OBJC_BRIDGING_HEADER = "RecipeFinder/RecipeFinder-Bridging-Header.h";
				SWIFT_OPTIMIZATION_LEVEL = "-Onone";
				SWIFT_VERSION = 3.0;
			};
			name = Debug;
		};
		7C8885121F01A7B1002AAC8F /* Release */ = {
			isa = XCBuildConfiguration;
			buildSettings = {
				ASSETCATALOG_COMPILER_APPICON_NAME = AppIcon;
				CLANG_ENABLE_MODULES = YES;
				DEVELOPMENT_TEAM = ZDL96S575W;
				INFOPLIST_FILE = RecipeFinder/Info.plist;
				LD_RUNPATH_SEARCH_PATHS = "$(inherited) @executable_path/Frameworks";
				PRODUCT_BUNDLE_IDENTIFIER = com.alhoussari.RecipeFinder;
				PRODUCT_NAME = "$(TARGET_NAME)";
				SWIFT_OBJC_BRIDGING_HEADER = "RecipeFinder/RecipeFinder-Bridging-Header.h";
				SWIFT_VERSION = 3.0;
			};
			name = Release;
		};
/* End XCBuildConfiguration section */

/* Begin XCConfigurationList section */
		7C8884F41F01A7B1002AAC8F /* Build configuration list for PBXProject "RecipeFinder" */ = {
			isa = XCConfigurationList;
			buildConfigurations = (
				7C88850E1F01A7B1002AAC8F /* Debug */,
				7C88850F1F01A7B1002AAC8F /* Release */,
			);
			defaultConfigurationIsVisible = 0;
			defaultConfigurationName = Release;
		};
		7C8885101F01A7B1002AAC8F /* Build configuration list for PBXNativeTarget "RecipeFinder" */ = {
			isa = XCConfigurationList;
			buildConfigurations = (
				7C8885111F01A7B1002AAC8F /* Debug */,
				7C8885121F01A7B1002AAC8F /* Release */,
			);
			defaultConfigurationIsVisible = 0;
		};
/* End XCConfigurationList section */
	};
	rootObject = 7C8884F11F01A7B1002AAC8F /* Project object */;
}
